
Microsoft Visual Studio Solution File, Format Version 12.00
# Visual Studio Version 17
VisualStudioVersion = 17.14.37027.9 d17.14
MinimumVisualStudioVersion = 10.0.40219.1
Project("{FAE04EC0-301F-11D3-BF4B-00C04F79EFBC}") = "Lab3_23var", "Lab3_23var\Lab3_23var.csproj", "{1AE62E6B-DC13-4510-A35E-0866A5873531}"
EndProject
Global
	GlobalSection(SolutionConfigurationPlatforms) = preSolution
		Debug|Any CPU = Debug|Any CPU
		Release|Any CPU = Release|Any CPU
	EndGlobalSection
	GlobalSection(ProjectConfigurationPlatforms) = postSolution
		{1AE62E6B-DC13-4510-A35E-0866A5873531}.Debug|Any CPU.ActiveCfg = Debug|Any CPU
		{1AE62E6B-DC13-4510-A35E-0866A5873531}.Debug|Any CPU.Build.0 = Debug|Any CPU
		{1AE62E6B-DC13-4510-A35E-0866A5873531}.Release|Any CPU.ActiveCfg = Release|Any CPU
		{1AE62E6B-DC13-4510-A35E-0866A5873531}.Release|Any CPU.Build.0 = Release|Any CPU
	EndGlobalSection
	GlobalSection(SolutionProperties) = preSolution
		HideSolutionNode = FALSE
	EndGlobalSection
	GlobalSection(ExtensibilityGlobals) = postSolution
		SolutionGuid = {3A588073-B232-43D4-BBDE-7F58128EEC48}
	EndGlobalSection
EndGlobal
